PODS:
  - Nimble (7.3.1)
  - Quick (1.3.2)
  - RxAtomic (4.4.0)
  - RxCocoa (4.4.0):
    - RxSwift (~> 4.0)
  - RxJoystickView (0.0.1):
    - RxCocoa (~> 4.4.0)
  - RxSwift (4.4.0):
    - RxAtomic (~> 4.4)

DEPENDENCIES:
  - Nimble (~> 7.3.1)
  - Quick (~> 1.3.2)
  - RxJoystickView (from `../`)

SPEC REPOS:
  https://github.com/cocoapods/specs.git:
    - Nimble
    - Quick
    - RxAtomic
    - RxCocoa
    - RxSwift

EXTERNAL SOURCES:
  RxJoystickView:
    :path: "../"

SPEC CHECKSUMS:
  Nimble: 04f732da099ea4d153122aec8c2a88fd0c7219ae
  Quick: 2623cb30d7a7f41ca62f684f679586558f483d46
  RxAtomic: eacf60db868c96bfd63320e28619fe29c179656f
  RxCocoa: df63ebf7b9a70d6b4eeea407ed5dd4efc8979749
  RxJoystickView: 9074bf6fe4d9d59dbc25c7f31bf734936d41f4df
  RxSwift: 5976ecd04fc2fefd648827c23de5e11157faa973

PODFILE CHECKSUM: 7c096adfcc3ce0d3faae35e1354aff9711f6474f

COCOAPODS: 1.5.3
